
Microsoft Visual Studio Solution File, Format Version 12.00
# Visual Studio 15
VisualStudioVersion = 15.0.28307.168
MinimumVisualStudioVersion = 10.0.40219.1
Project("{FAE04EC0-301F-11D3-BF4B-00C04F79EFBC}") = "AscendingDescendingPattern", "AscendingDescendingPattern\AscendingDescendingPattern.csproj", "{A3E8B427-9C53-4C0D-8FD1-A660B40CD21B}"
EndProject
Global
	GlobalSection(SolutionConfigurationPlatforms) = preSolution
		Debug|Any CPU = Debug|Any CPU
		Release|Any CPU = Release|Any CPU
	EndGlobalSection
	GlobalSection(ProjectConfigurationPlatforms) = postSolution
		{A3E8B427-9C53-4C0D-8FD1-A660B40CD21B}.Debug|Any CPU.ActiveCfg = Debug|Any CPU
		{A3E8B427-9C53-4C0D-8FD1-A660B40CD21B}.Debug|Any CPU.Build.0 = Debug|Any CPU
		{A3E8B427-9C53-4C0D-8FD1-A660B40CD21B}.Release|Any CPU.ActiveCfg = Release|Any CPU
		{A3E8B427-9C53-4C0D-8FD1-A660B40CD21B}.Release|Any CPU.Build.0 = Release|Any CPU
	EndGlobalSection
	GlobalSection(SolutionProperties) = preSolution
		HideSolutionNode = FALSE
	EndGlobalSection
	GlobalSection(ExtensibilityGlobals) = postSolution
		SolutionGuid = {0F24D85F-055B-4E91-A34A-EE9A882D98C0}
	EndGlobalSection
EndGlobal
